version = 1
revision = 2
requires-python = ">=3.11"

[[package]]
name = "blanket"
version = "0.8.0"
source = { virtual = "." }

[package.dev-dependencies]
dev = [
    { name = "pygobject-stubs" },
    { name = "ruff" },
]

[package.metadata]

[package.metadata.requires-dev]
dev = [
    { name = "pygobject-stubs", specifier = ">=2.17.0" },
    { name = "ruff", specifier = ">=0.12.5" },
]

[[package]]
name = "pycairo"
version = "1.29.1"
source = { registry = "https://pypi.org/simple" }
sdist = { url = "https://files.pythonhosted.org/packages/26/7c/ab4637b028d9ee12280ab9342f28310e613d5ca30c4d72d2aebeaa6a4969/pycairo-1.29.1.tar.gz", hash = "sha256:4fbd26b4af24c9787d84cf5448e34eb8dca064b732479aaecd03109520eebd5f", size = 666272, upload-time = "2026-08-07T08:45:50.095Z" }
wheels = [
    { url = "https://files.pythonhosted.org/packages/4d/83/d2dfb322cc3acc583aa6e8e601e7c320108804f3f3c677383f23a0de8624/pycairo-1.29.1-cp311-cp311-win32.whl", hash = "sha256:50da6e8eb1525f216e564b3e634b19ede5465080d4fa813416ed45a69b3f6605", size = 751309, upload-time = "2026-08-07T08:46:07.317Z" },
    { url = "https://files.pythonhosted.org/packages/34/e6/f09d1c0ca4a887aea020774c59adabc04b7e1d2f00287ef48473540001e5/pycairo-1.29.1-cp311-cp311-win_amd64.whl", hash = "sha256:73a364341ce6b382200d13cfdf814f8ea50a8a2e0f8280c2d2e7dfb3ba52edcf", size = 845463, upload-time = "2026-08-07T08:46:09.287Z" },
    { url = "https://files.pythonhosted.org/packages/69/a6/84415dce82c4865169847acc2de7895a1463956569383f17cb39e89f1287/pycairo-1.29.1-cp311-cp311-win_arm64.whl", hash = "sha256:59eb4a6d1101834a7ba2c7a8096fccd54eb8514d8189f896b4a8e24a19cfa1f0", size = 694560, upload-time = "2026-08-07T08:46:10.657Z" },
    { url = "https://files.pythonhosted.org/packages/72/f6/b6a2e016cf0df97b2cd094c228c9303af21d626993607d8ea750ea8b704b/pycairo-1.29.1-cp312-cp312-win32.whl", hash = "sha256:cf25a97a15bedd0cdabee5b18652de45eff70b4a7999416ed18dcee2144d17f5", size = 751363, upload-time = "2026-08-07T08:46:12.545Z" },
    { url = "https://files.pythonhosted.org/packages/69/7e/7be1346df5ab8cd7f748f2d17d25d61f34550cfd141f60e8319e9c70df87/pycairo-1.29.1-cp312-cp312-win_amd64.whl", hash = "sha256:839cd8c98e1933426d8959168b466901b398bf4867454451023b93d91030cca9", size = 846004, upload-time = "2026-08-07T08:46:14.067Z" },
    { url = "https://files.pythonhosted.org/packages/04/97/40966895bc12319ff3173cbb5d7876149a8e90e99bbf3b70e4af492c73a9/pycairo-1.29.1-cp312-cp312-win_arm64.whl", hash = "sha256:7cb6279cf0a7951ae9aaa21c6a0adff0fce62c0a68797b6a26a54f9a0859ad4d", size = 694560, upload-time = "2026-08-07T08:46:15.839Z" },
    { url = "https://files.pythonhosted.org/packages/95/7d/26191cac03e8c0d957856839736ee9fb45c6d4ae68c30393895558f1f7ad/pycairo-1.29.1-cp313-cp313-win32.whl", hash = "sha256:4506a15f0dcd9d65b2706f417f8e5633e1456867d5cf272dc69c0b48e2302842", size = 750753, upload-time = "2026-08-07T08:46:17.523Z" },
    { url = "https://files.pythonhosted.org/packages/81/ba/3499ae0f6f8be6d55ef5db620a60693b4ef925b710890bf66c17aeff036e/pycairo-1.29.1-cp313-cp313-win_amd64.whl", hash = "sha256:859f5f29d7c30fc28dbc5ce91eb30a45e0b7e447a7bd738c231dd7f9be368d1a", size = 844528, upload-time = "2026-08-07T08:46:19.1Z" },
    { url = "https://files.pythonhosted.org/packages/91/c1/f83f25aab64418d4de6527cbf951988fc9449020e416113e3a7a4ad7e7b8/pycairo-1.29.1-cp313-cp313-win_arm64.whl", hash = "sha256:0c6159117680798da1457404b648e69b0a0eb23597b22f8a97315eaeea19f917", size = 693588, upload-time = "2026-08-07T08:46:21.087Z" },
    { url = "https://files.pythonhosted.org/packages/9d/ef/87408894ebef901c2accde14dcacfbdbd9bc9abe617039ee6ff382847b75/pycairo-1.29.1-cp314-cp314-win32.whl", hash = "sha256:7222587a4ae1674287c17d10d1c42c4219914f7ef64cac4b2fb995df4f7918cb", size = 767089, upload-time = "2026-08-07T08:46:25.92Z" },
    { url = "https://files.pythonhosted.org/packages/1d/13/aef0ea29661a2fa0cadb3cbb470b514d439efe763cafc956c8b740ad1480/pycairo-1.29.1-cp314-cp314-win_amd64.whl", hash = "sha256:f635a60b7525661b562061e4b1635670b804d1efc9c7f40796c2fa14b24c3ddf", size = 872072, upload-time = "2026-08-07T08:46:27.605Z" },
    { url = "https://files.pythonhosted.org/packages/68/95/fc823a255ed1967ec5bda7243247a2fb484faf868c0cd1ffd1425ae515e8/pycairo-1.29.1-cp314-cp314-win_arm64.whl", hash = "sha256:b5db545cc8e59fe9bb68039db86c5ebcf9d1e6417695d0d2cb5530e67d925af9", size = 719612, upload-time = "2026-08-07T08:46:29.127Z" },
    { url = "https://files.pythonhosted.org/packages/ef/25/4cd521dd9e0f280930717bb93499c50008a6f14b312649d34a54dbd1df71/pycairo-1.29.1-cp314-cp314t-win_amd64.whl", hash = "sha256:3836feabfaf35ef9c502234c5924f3b2db935b6c55d8850ed190b3a58ab3b4ca", size = 874492, upload-time = "2026-08-07T08:46:22.695Z" },
    { url = "https://files.pythonhosted.org/packages/c2/ee/006df2caa60f2df242b9baf13ab95d4575b47acabc54f3ab6d757d3a9691/pycairo-1.29.1-cp314-cp314t-win_arm64.whl", hash = "sha256:85127fb834a8a37a550fa5c684a4c49fc546b465a64ac8df94d7728914a56279", size = 721461, upload-time = "2026-08-07T08:46:24.104Z" },
    { url = "https://files.pythonhosted.org/packages/ce/ec/4466cce6363c07759d04f9481f81d84a6dc506b735e795c193eb63e4f9ef/pycairo-1.29.1-cp315-cp315-win_amd64.whl", hash = "sha256:5c51bd98d2190841389845deae8243479393c1f2d9423de85e9fb4c95afebc10", size = 872007, upload-time = "2026-08-07T08:46:34.392Z" },
    { url = "https://files.pythonhosted.org/packages/92/03/214ee759a86bd821e306c2071aef0de9c201020e7690f9cf165fa2d61d42/pycairo-1.29.1-cp315-cp315-win_arm64.whl", hash = "sha256:e923875c96cfe935d632de50aeebf49db7dffdd23f9042587c3f34af7596868e", size = 719602, upload-time = "2026-08-07T08:46:35.802Z" },
    { url = "https://files.pythonhosted.org/packages/14/df/b163de08eb5307eacda6ee98001a4b920df8432d49f1da9b8d1c8d0342f5/pycairo-1.29.1-cp315-cp315t-win_amd64.whl", hash = "sha256:12515e71e2f17db8c40911ff089c23c465f92ddbabb89cd01304f275030c80ec", size = 874517, upload-time = "2026-08-07T08:46:30.779Z" },
    { url = "https://files.pythonhosted.org/packages/ab/04/81a13cde3c6685186fd79770d619c9b861d51de7450975618a85e8676772/pycairo-1.29.1-cp315-cp315t-win_arm64.whl", hash = "sha256:e5dde8dc08d92ad6935d1a45ff6ea71ea6d5739ed08dbf8677313935f94d5c6d", size = 721459, upload-time = "2026-08-07T08:46:32.19Z" },
]

[[package]]
name = "pygobject"
version = "3.56.3"
source = { registry = "https://pypi.org/simple" }
dependencies = [
    { name = "pycairo" },
]
sdist = { url = "https://files.pythonhosted.org/packages/da/61/978c5fbca34f10a90df362502fbb5a005637909e7b5a0e9212349ea9d010/pygobject-3.56.3.tar.gz", hash = "sha256:12760e4a0e3d04b6eb95e06f7a27e362c826d567ea613373a92c003b6c70d2d6", size = 1411853, upload-time = "2026-05-08T20:46:39.904Z" }

[[package]]
name = "pygobject-stubs"
version = "2.17.0"
source = { registry = "https://pypi.org/simple" }
dependencies = [
    { name = "pygobject" },
    { name = "typing-extensions" },
]
sdist = { url = "https://files.pythonhosted.org/packages/8c/be/bf49399ad2e788121f595903a56447d4b778d67acbb01ecfc1c6d5cf91f6/pygobject_stubs-2.17.0.tar.gz", hash = "sha256:66884d26974dd7fb99a8bc5972b5bdeb4b7399ecc7ac53913a6cafa6ab21491f", size = 1010510, upload-time = "2026-03-20T17:08:59.656Z" }

[[package]]
name = "ruff"
version = "0.12.5"
source = { registry = "https://pypi.org/simple" }
sdist = { url = "https://files.pythonhosted.org/packages/30/cd/01015eb5034605fd98d829c5839ec2c6b4582b479707f7c1c2af861e8258/ruff-0.12.5.tar.gz", hash = "sha256:b209db6102b66f13625940b7f8c7d0f18e20039bb7f6101fbdac935c9612057e", size = 5170722, upload-time = "2025-07-24T13:26:37.456Z" }
wheels = [
    { url = "https://files.pythonhosted.org/packages/d4/de/ad2f68f0798ff15dd8c0bcc2889558970d9a685b3249565a937cd820ad34/ruff-0.12.5-py3-none-linux_armv6l.whl", hash = "sha256:1de2c887e9dec6cb31fcb9948299de5b2db38144e66403b9660c9548a67abd92", size = 11819133, upload-time = "2025-07-24T13:25:56.369Z" },
    { url = "https://files.pythonhosted.org/packages/f8/fc/c6b65cd0e7fbe60f17e7ad619dca796aa49fbca34bb9bea5f8faf1ec2643/ruff-0.12.5-py3-none-macosx_10_12_x86_64.whl", hash = "sha256:d1ab65e7d8152f519e7dea4de892317c9da7a108da1c56b6a3c1d5e7cf4c5e9a", size = 12501114, upload-time = "2025-07-24T13:25:59.471Z" },
    { url = "https://files.pythonhosted.org/packages/c5/de/c6bec1dce5ead9f9e6a946ea15e8d698c35f19edc508289d70a577921b30/ruff-0.12.5-py3-none-macosx_11_0_arm64.whl", hash = "sha256:962775ed5b27c7aa3fdc0d8f4d4433deae7659ef99ea20f783d666e77338b8cf", size = 11716873, upload-time = "2025-07-24T13:26:01.496Z" },
    { url = "https://files.pythonhosted.org/packages/a1/16/cf372d2ebe91e4eb5b82a2275c3acfa879e0566a7ac94d331ea37b765ac8/ruff-0.12.5-py3-none-manylinux_2_17_aarch64.manylinux2014_aarch64.whl", hash = "sha256:73b4cae449597e7195a49eb1cdca89fd9fbb16140c7579899e87f4c85bf82f73", size = 11958829, upload-time = "2025-07-24T13:26:03.721Z" },
    { url = "https://files.pythonhosted.org/packages/25/bf/cd07e8f6a3a6ec746c62556b4c4b79eeb9b0328b362bb8431b7b8afd3856/ruff-0.12.5-py3-none-manylinux_2_17_armv7l.manylinux2014_armv7l.whl", hash = "sha256:8b13489c3dc50de5e2d40110c0cce371e00186b880842e245186ca862bf9a1ac", size = 11626619, upload-time = "2025-07-24T13:26:06.118Z" },
    { url = "https://files.pythonhosted.org/packages/d8/c9/c2ccb3b8cbb5661ffda6925f81a13edbb786e623876141b04919d1128370/ruff-0.12.5-py3-none-manylinux_2_17_i686.manylinux2014_i686.whl", hash = "sha256:f1504fea81461cf4841778b3ef0a078757602a3b3ea4b008feb1308cb3f23e08", size = 13221894, upload-time = "2025-07-24T13:26:08.292Z" },
    { url = "https://files.pythonhosted.org/packages/6b/58/68a5be2c8e5590ecdad922b2bcd5583af19ba648f7648f95c51c3c1eca81/ruff-0.12.5-py3-none-manylinux_2_17_ppc64.manylinux2014_ppc64.whl", hash = "sha256:c7da4129016ae26c32dfcbd5b671fe652b5ab7fc40095d80dcff78175e7eddd4", size = 14163909, upload-time = "2025-07-24T13:26:10.474Z" },
    { url = "https://files.pythonhosted.org/packages/bd/d1/ef6b19622009ba8386fdb792c0743f709cf917b0b2f1400589cbe4739a33/ruff-0.12.5-py3-none-manylinux_2_17_ppc64le.manylinux2014_ppc64le.whl", hash = "sha256:ca972c80f7ebcfd8af75a0f18b17c42d9f1ef203d163669150453f50ca98ab7b", size = 13583652, upload-time = "2025-07-24T13:26:13.381Z" },
    { url = "https://files.pythonhosted.org/packages/62/e3/1c98c566fe6809a0c83751d825a03727f242cdbe0d142c9e292725585521/ruff-0.12.5-py3-none-manylinux_2_17_s390x.manylinux2014_s390x.whl", hash = "sha256:8dbbf9f25dfb501f4237ae7501d6364b76a01341c6f1b2cd6764fe449124bb2a", size = 12700451, upload-time = "2025-07-24T13:26:15.488Z" },
    { url = "https://files.pythonhosted.org/packages/24/ff/96058f6506aac0fbc0d0fc0d60b0d0bd746240a0594657a2d94ad28033ba/ruff-0.12.5-py3-none-manylinux_2_17_x86_64.manylinux2014_x86_64.whl", hash = "sha256:2c47dea6ae39421851685141ba9734767f960113d51e83fd7bb9958d5be8763a", size = 12937465, upload-time = "2025-07-24T13:26:17.808Z" },
    { url = "https://files.pythonhosted.org/packages/eb/d3/68bc5e7ab96c94b3589d1789f2dd6dd4b27b263310019529ac9be1e8f31b/ruff-0.12.5-py3-none-musllinux_1_2_aarch64.whl", hash = "sha256:c5076aa0e61e30f848846f0265c873c249d4b558105b221be1828f9f79903dc5", size = 11771136, upload-time = "2025-07-24T13:26:20.422Z" },
    { url = "https://files.pythonhosted.org/packages/52/75/7356af30a14584981cabfefcf6106dea98cec9a7af4acb5daaf4b114845f/ruff-0.12.5-py3-none-musllinux_1_2_armv7l.whl", hash = "sha256:a5a4c7830dadd3d8c39b1cc85386e2c1e62344f20766be6f173c22fb5f72f293", size = 11601644, upload-time = "2025-07-24T13:26:22.928Z" },
    { url = "https://files.pythonhosted.org/packages/c2/67/91c71d27205871737cae11025ee2b098f512104e26ffd8656fd93d0ada0a/ruff-0.12.5-py3-none-musllinux_1_2_i686.whl", hash = "sha256:46699f73c2b5b137b9dc0fc1a190b43e35b008b398c6066ea1350cce6326adcb", size = 12478068, upload-time = "2025-07-24T13:26:26.134Z" },
    { url = "https://files.pythonhosted.org/packages/34/04/b6b00383cf2f48e8e78e14eb258942fdf2a9bf0287fbf5cdd398b749193a/ruff-0.12.5-py3-none-musllinux_1_2_x86_64.whl", hash = "sha256:5a655a0a0d396f0f072faafc18ebd59adde8ca85fb848dc1b0d9f024b9c4d3bb", size = 12991537, upload-time = "2025-07-24T13:26:28.533Z" },
    { url = "https://files.pythonhosted.org/packages/3e/b9/053d6445dc7544fb6594785056d8ece61daae7214859ada4a152ad56b6e0/ruff-0.12.5-py3-none-win32.whl", hash = "sha256:dfeb2627c459b0b78ca2bbdc38dd11cc9a0a88bf91db982058b26ce41714ffa9", size = 11751575, upload-time = "2025-07-24T13:26:30.835Z" },
    { url = "https://files.pythonhosted.org/packages/bc/0f/ab16e8259493137598b9149734fec2e06fdeda9837e6f634f5c4e35916da/ruff-0.12.5-py3-none-win_amd64.whl", hash = "sha256:ae0d90cf5f49466c954991b9d8b953bd093c32c27608e409ae3564c63c5306a5", size = 12882273, upload-time = "2025-07-24T13:26:32.929Z" },
    { url = "https://files.pythonhosted.org/packages/00/db/c376b0661c24cf770cb8815268190668ec1330eba8374a126ceef8c72d55/ruff-0.12.5-py3-none-win_arm64.whl", hash = "sha256:48cdbfc633de2c5c37d9f090ba3b352d1576b0015bfc3bc98eaf230275b7e805", size = 11951564, upload-time = "2025-07-24T13:26:34.994Z" },
]

[[package]]
name = "typing-extensions"
version = "4.16.0"
source = { registry = "https://pypi.org/simple" }
sdist = { url = "https://files.pythonhosted.org/packages/f6/cc/6253133b5bb138fc3306cebfbda2c520f545d36b5be2c7255cc528bb45d6/typing_extensions-4.16.0.tar.gz", hash = "sha256:dc983d19a509c94dba722ee6abd33940f7c05a89e243c47e907eb4db6f1a43e5", size = 113555, upload-time = "2026-07-02T08:40:05.92Z" }
wheels = [
    { url = "https://files.pythonhosted.org/packages/49/d3/b8441a820a491ddfc024b0b0cf0393375b75ea13866d9c66727e54c2fc80/typing_extensions-4.16.0-py3-none-any.whl", hash = "sha256:481caa481374e813c1b176ada14e97f1f67a4539ce9cfeb3f350d78d6370c2e8", size = 45571, upload-time = "2026-07-02T08:40:04.659Z" },
]
