version = 1
revision = 2
requires-python = ">=3.10"

[[package]]
name = "basedpyright"
version = "1.31.0"
source = { registry = "https://pypi.org/simple" }
dependencies = [
    { name = "nodejs-wheel-binaries" },
]
sdist = { url = "https://files.pythonhosted.org/packages/20/23/6dc0df43c62fdec401b1ec3aea698ba50c5abfca25259e9f0208b34d7abe/basedpyright-1.31.0.tar.gz", hash = "sha256:900a573a525a0f66f884075c2a98711bb9478e44dc60ffdf182ef681bf8e2c76", size = 22062384, upload-time = "2025-07-16T11:37:29.189Z" }
wheels = [
    { url = "https://files.pythonhosted.org/packages/5a/85/cb46707458c514ae959fe139135d8f7231d95faf1c383a56979a3436b965/basedpyright-1.31.0-py3-none-any.whl", hash = "sha256:d7460ddcd3a2332b1c3fd738735d18bf2966d49aed67237efa1f19635199d414", size = 11538999, upload-time = "2025-07-16T11:37:26.446Z" },
]

[[package]]
name = "blanket"
version = "0.7.0"
source = { virtual = "." }

[package.dev-dependencies]
dev = [
    { name = "basedpyright" },
    { name = "pygobject-stubs" },
    { name = "ruff" },
]

[package.metadata]

[package.metadata.requires-dev]
dev = [
    { name = "basedpyright", specifier = ">=1.31.0" },
    { name = "pygobject-stubs", specifier = ">=2.13.0" },
    { name = "ruff", specifier = ">=0.12.5" },
]

[[package]]
name = "nodejs-wheel-binaries"
version = "22.17.0"
source = { registry = "https://pypi.org/simple" }
sdist = { url = "https://files.pythonhosted.org/packages/d3/86/8962d1d24ff480f4dd31871f42c8e0d8e2c851cd558a07ee689261d310ab/nodejs_wheel_binaries-22.17.0.tar.gz", hash = "sha256:529142012fb8fd20817ef70e2ef456274df4f49933292e312c8bbc7285af6408", size = 8068, upload-time = "2025-06-29T20:24:25.002Z" }
wheels = [
    { url = "https://files.pythonhosted.org/packages/5d/53/b942c6da4ff6f87a315033f6ff6fed8fd3c22047d7ff5802badaa5dfc2c2/nodejs_wheel_binaries-22.17.0-py2.py3-none-macosx_11_0_arm64.whl", hash = "sha256:6545a6f6d2f736d9c9e2eaad7e599b6b5b2d8fd4cbd2a1df0807cbcf51b9d39b", size = 51003554, upload-time = "2025-06-29T20:23:47.042Z" },
    { url = "https://files.pythonhosted.org/packages/e2/b7/7184a9ad2364912da22f2fe021dc4a3301721131ef7759aeb4a1f19db0b4/nodejs_wheel_binaries-22.17.0-py2.py3-none-macosx_11_0_x86_64.whl", hash = "sha256:4bea5b994dd87c20f8260031ea69a97c3d282e2d4472cc8908636a313a830d00", size = 51936848, upload-time = "2025-06-29T20:23:52.064Z" },
    { url = "https://files.pythonhosted.org/packages/e9/7a/0ea425147b8110b8fd65a6c21cfd3bd130cdec7766604361429ef870d799/nodejs_wheel_binaries-22.17.0-py2.py3-none-manylinux_2_17_aarch64.manylinux2014_aarch64.whl", hash = "sha256:885508615274a22499dd5314759c1cf96ba72de03e6485d73b3e5475e7f12662", size = 57925230, upload-time = "2025-06-29T20:23:56.81Z" },
    { url = "https://files.pythonhosted.org/packages/23/5f/10a3f2ac08a839d065d9ccfd6d9df66bc46e100eaf87a8a5cf149eb3fb8e/nodejs_wheel_binaries-22.17.0-py2.py3-none-manylinux_2_17_x86_64.manylinux2014_x86_64.whl", hash = "sha256:90f38ce034a602bcab534d55cbe0390521e73e5dcffdd1c4b34354b932172af2", size = 58457829, upload-time = "2025-06-29T20:24:01.945Z" },
    { url = "https://files.pythonhosted.org/packages/ed/a4/d2ca331e16eef0974eb53702df603c54f77b2a7e2007523ecdbf6cf61162/nodejs_wheel_binaries-22.17.0-py2.py3-none-musllinux_1_2_aarch64.whl", hash = "sha256:5eed087855b644c87001fe04036213193963ccd65e7f89949e9dbe28e7743d9b", size = 59778054, upload-time = "2025-06-29T20:24:07.14Z" },
    { url = "https://files.pythonhosted.org/packages/be/2b/04e0e7f7305fe2ba30fd4610bfb432516e0f65379fe6c2902f4b7b1ad436/nodejs_wheel_binaries-22.17.0-py2.py3-none-musllinux_1_2_x86_64.whl", hash = "sha256:715f413c81500f0770ea8936ef1fc2529b900da8054cbf6da67cec3ee308dc76", size = 60830079, upload-time = "2025-06-29T20:24:12.21Z" },
    { url = "https://files.pythonhosted.org/packages/ce/67/12070b24b88040c2d694883f3dcb067052f748798f4c63f7c865769a5747/nodejs_wheel_binaries-22.17.0-py2.py3-none-win_amd64.whl", hash = "sha256:51165630493c8dd4acfe1cae1684b76940c9b03f7f355597d55e2d056a572ddd", size = 40117877, upload-time = "2025-06-29T20:24:17.51Z" },
    { url = "https://files.pythonhosted.org/packages/2e/ec/53ac46af423527c23e40c7343189f2bce08a8337efedef4d8a33392cee23/nodejs_wheel_binaries-22.17.0-py2.py3-none-win_arm64.whl", hash = "sha256:fae56d172227671fccb04461d3cd2b26a945c6c7c7fc29edb8618876a39d8b4a", size = 38865278, upload-time = "2025-06-29T20:24:21.065Z" },
]

[[package]]
name = "pygobject-stubs"
version = "2.13.0"
source = { registry = "https://pypi.org/simple" }
sdist = { url = "https://files.pythonhosted.org/packages/d1/3f/d9a43ab76ad7a2d6d3a2968513b76760100c33128c6a0d3ac996dfb37c77/pygobject_stubs-2.13.0.tar.gz", hash = "sha256:4f608f5dfe10c3173f0a082416e22e27b693743c2a635de245c78a51458e2ab6", size = 870193, upload-time = "2025-03-13T21:22:38.156Z" }

[[package]]
name = "ruff"
version = "0.12.5"
source = { registry = "https://pypi.org/simple" }
sdist = { url = "https://files.pythonhosted.org/packages/30/cd/01015eb5034605fd98d829c5839ec2c6b4582b479707f7c1c2af861e8258/ruff-0.12.5.tar.gz", hash = "sha256:b209db6102b66f13625940b7f8c7d0f18e20039bb7f6101fbdac935c9612057e", size = 5170722, upload-time = "2025-07-24T13:26:37.456Z" }
wheels = [
    { url = "https://files.pythonhosted.org/packages/d4/de/ad2f68f0798ff15dd8c0bcc2889558970d9a685b3249565a937cd820ad34/ruff-0.12.5-py3-none-linux_armv6l.whl", hash = "sha256:1de2c887e9dec6cb31fcb9948299de5b2db38144e66403b9660c9548a67abd92", size = 11819133, upload-time = "2025-07-24T13:25:56.369Z" },
    { url = "https://files.pythonhosted.org/packages/f8/fc/c6b65cd0e7fbe60f17e7ad619dca796aa49fbca34bb9bea5f8faf1ec2643/ruff-0.12.5-py3-none-macosx_10_12_x86_64.whl", hash = "sha256:d1ab65e7d8152f519e7dea4de892317c9da7a108da1c56b6a3c1d5e7cf4c5e9a", size = 12501114, upload-time = "2025-07-24T13:25:59.471Z" },
    { url = "https://files.pythonhosted.org/packages/c5/de/c6bec1dce5ead9f9e6a946ea15e8d698c35f19edc508289d70a577921b30/ruff-0.12.5-py3-none-macosx_11_0_arm64.whl", hash = "sha256:962775ed5b27c7aa3fdc0d8f4d4433deae7659ef99ea20f783d666e77338b8cf", size = 11716873, upload-time = "2025-07-24T13:26:01.496Z" },
    { url = "https://files.pythonhosted.org/packages/a1/16/cf372d2ebe91e4eb5b82a2275c3acfa879e0566a7ac94d331ea37b765ac8/ruff-0.12.5-py3-none-manylinux_2_17_aarch64.manylinux2014_aarch64.whl", hash = "sha256:73b4cae449597e7195a49eb1cdca89fd9fbb16140c7579899e87f4c85bf82f73", size = 11958829, upload-time = "2025-07-24T13:26:03.721Z" },
    { url = "https://files.pythonhosted.org/packages/25/bf/cd07e8f6a3a6ec746c62556b4c4b79eeb9b0328b362bb8431b7b8afd3856/ruff-0.12.5-py3-none-manylinux_2_17_armv7l.manylinux2014_armv7l.whl", hash = "sha256:8b13489c3dc50de5e2d40110c0cce371e00186b880842e245186ca862bf9a1ac", size = 11626619, upload-time = "2025-07-24T13:26:06.118Z" },
    { url = "https://files.pythonhosted.org/packages/d8/c9/c2ccb3b8cbb5661ffda6925f81a13edbb786e623876141b04919d1128370/ruff-0.12.5-py3-none-manylinux_2_17_i686.manylinux2014_i686.whl", hash = "sha256:f1504fea81461cf4841778b3ef0a078757602a3b3ea4b008feb1308cb3f23e08", size = 13221894, upload-time = "2025-07-24T13:26:08.292Z" },
    { url = "https://files.pythonhosted.org/packages/6b/58/68a5be2c8e5590ecdad922b2bcd5583af19ba648f7648f95c51c3c1eca81/ruff-0.12.5-py3-none-manylinux_2_17_ppc64.manylinux2014_ppc64.whl", hash = "sha256:c7da4129016ae26c32dfcbd5b671fe652b5ab7fc40095d80dcff78175e7eddd4", size = 14163909, upload-time = "2025-07-24T13:26:10.474Z" },
    { url = "https://files.pythonhosted.org/packages/bd/d1/ef6b19622009ba8386fdb792c0743f709cf917b0b2f1400589cbe4739a33/ruff-0.12.5-py3-none-manylinux_2_17_ppc64le.manylinux2014_ppc64le.whl", hash = "sha256:ca972c80f7ebcfd8af75a0f18b17c42d9f1ef203d163669150453f50ca98ab7b", size = 13583652, upload-time = "2025-07-24T13:26:13.381Z" },
    { url = "https://files.pythonhosted.org/packages/62/e3/1c98c566fe6809a0c83751d825a03727f242cdbe0d142c9e292725585521/ruff-0.12.5-py3-none-manylinux_2_17_s390x.manylinux2014_s390x.whl", hash = "sha256:8dbbf9f25dfb501f4237ae7501d6364b76a01341c6f1b2cd6764fe449124bb2a", size = 12700451, upload-time = "2025-07-24T13:26:15.488Z" },
    { url = "https://files.pythonhosted.org/packages/24/ff/96058f6506aac0fbc0d0fc0d60b0d0bd746240a0594657a2d94ad28033ba/ruff-0.12.5-py3-none-manylinux_2_17_x86_64.manylinux2014_x86_64.whl", hash = "sha256:2c47dea6ae39421851685141ba9734767f960113d51e83fd7bb9958d5be8763a", size = 12937465, upload-time = "2025-07-24T13:26:17.808Z" },
    { url = "https://files.pythonhosted.org/packages/eb/d3/68bc5e7ab96c94b3589d1789f2dd6dd4b27b263310019529ac9be1e8f31b/ruff-0.12.5-py3-none-musllinux_1_2_aarch64.whl", hash = "sha256:c5076aa0e61e30f848846f0265c873c249d4b558105b221be1828f9f79903dc5", size = 11771136, upload-time = "2025-07-24T13:26:20.422Z" },
    { url = "https://files.pythonhosted.org/packages/52/75/7356af30a14584981cabfefcf6106dea98cec9a7af4acb5daaf4b114845f/ruff-0.12.5-py3-none-musllinux_1_2_armv7l.whl", hash = "sha256:a5a4c7830dadd3d8c39b1cc85386e2c1e62344f20766be6f173c22fb5f72f293", size = 11601644, upload-time = "2025-07-24T13:26:22.928Z" },
    { url = "https://files.pythonhosted.org/packages/c2/67/91c71d27205871737cae11025ee2b098f512104e26ffd8656fd93d0ada0a/ruff-0.12.5-py3-none-musllinux_1_2_i686.whl", hash = "sha256:46699f73c2b5b137b9dc0fc1a190b43e35b008b398c6066ea1350cce6326adcb", size = 12478068, upload-time = "2025-07-24T13:26:26.134Z" },
    { url = "https://files.pythonhosted.org/packages/34/04/b6b00383cf2f48e8e78e14eb258942fdf2a9bf0287fbf5cdd398b749193a/ruff-0.12.5-py3-none-musllinux_1_2_x86_64.whl", hash = "sha256:5a655a0a0d396f0f072faafc18ebd59adde8ca85fb848dc1b0d9f024b9c4d3bb", size = 12991537, upload-time = "2025-07-24T13:26:28.533Z" },
    { url = "https://files.pythonhosted.org/packages/3e/b9/053d6445dc7544fb6594785056d8ece61daae7214859ada4a152ad56b6e0/ruff-0.12.5-py3-none-win32.whl", hash = "sha256:dfeb2627c459b0b78ca2bbdc38dd11cc9a0a88bf91db982058b26ce41714ffa9", size = 11751575, upload-time = "2025-07-24T13:26:30.835Z" },
    { url = "https://files.pythonhosted.org/packages/bc/0f/ab16e8259493137598b9149734fec2e06fdeda9837e6f634f5c4e35916da/ruff-0.12.5-py3-none-win_amd64.whl", hash = "sha256:ae0d90cf5f49466c954991b9d8b953bd093c32c27608e409ae3564c63c5306a5", size = 12882273, upload-time = "2025-07-24T13:26:32.929Z" },
    { url = "https://files.pythonhosted.org/packages/00/db/c376b0661c24cf770cb8815268190668ec1330eba8374a126ceef8c72d55/ruff-0.12.5-py3-none-win_arm64.whl", hash = "sha256:48cdbfc633de2c5c37d9f090ba3b352d1576b0015bfc3bc98eaf230275b7e805", size = 11951564, upload-time = "2025-07-24T13:26:34.994Z" },
]
